// !$*UTF8*$!
{
	archiveVersion = 1;
	classes = {
	};
	objectVersion = 46;
	objects = {

/* Begin PBXBuildFile section */
		574F7C5E1C95915900C4375B /* AppDelegate.swift in Sources */ = {isa = PBXBuildFile; fileRef = 574F7C5D1C95915900C4375B /* AppDelegate.swift */; };
		574F7C601C95915900C4375B /* ViewController.swift in Sources */ = {isa = PBXBuildFile; fileRef = 574F7C5F1C95915900C4375B /* ViewController.swift */; };
		574F7C631C95915900C4375B /* Main.storyboard in Resources */ = {isa = PBXBuildFile; fileRef = 574F7C611C95915900C4375B /* Main.storyboard */; };
		574F7C651C95915900C4375B /* Assets.xcassets in Resources */ = {isa = PBXBuildFile; fileRef = 574F7C641C95915900C4375B /* Assets.xcassets */; };
		574F7C681C95915900C4375B /* LaunchScreen.storyboard in Resources */ = {isa = PBXBuildFile; fileRef = 574F7C661C95915900C4375B /* LaunchScreen.storyboard */; };
		574F7C701C9592D400C4375B /* VideoFeed.swift in Sources */ = {isa = PBXBuildFile; fileRef = 574F7C6F1C9592D400C4375B /* VideoFeed.swift */; };
		96FA34E07792ECFDDD913DEC /* CoreText.framework in Frameworks */ = {isa = PBXBuildFile; fileRef = 5F3747EE65519FBBDBB8C668 /* CoreText.framework */; };
		9E99A705716EC75CA4F0E071 /* BuddyBuildSDK.framework in Frameworks */ = {isa = PBXBuildFile; fileRef = 253EC99E8D1294B6F9CE7F49 /* BuddyBuildSDK.framework */; };
		B22DAC10D5FF776344DC0972 /* CoreTelephony.framework in Frameworks */ = {isa = PBXBuildFile; fileRef = A7CED9C05F44099B75308557 /* CoreTelephony.framework */; };
		C6EF0ABDC8A5149FDA9F8F39 /* AssetsLibrary.framework in Frameworks */ = {isa = PBXBuildFile; fileRef = 875E918A60B63440E3A743BF /* AssetsLibrary.framework */; };
		D3AD2B0F01E522C6DC704184 /* SystemConfiguration.framework in Frameworks */ = {isa = PBXBuildFile; fileRef = D9F653FDD319E281B9AD89C0 /* SystemConfiguration.framework */; };
		FB8739D5DC184E39838333E7 /* QuartzCore.framework in Frameworks */ = {isa = PBXBuildFile; fileRef = 95C39C65C9560CAB0863525F /* QuartzCore.framework */; };
/* End PBXBuildFile section */

/* Begin PBXFileReference section */
		253EC99E8D1294B6F9CE7F49 /* BuddyBuildSDK.framework */ = {isa = PBXFileReference; lastKnownFileType = wrapper.framework; path = BuddyBuildSDK.framework; sourceTree = "<group>"; };
		46C265DAA0B96711A5A7A88E /* Bridging-Header.h */ = {isa = PBXFileReference; includeInIndex = 1; lastKnownFileType = sourcecode.c.h; path = "Bridging-Header.h"; sourceTree = "<group>"; };
		574F7C5A1C95915900C4375B /* FaceDetector.app */ = {isa = PBXFileReference; explicitFileType = wrapper.application; includeInIndex = 0; path = FaceDetector.app; sourceTree = BUILT_PRODUCTS_DIR; };
		574F7C5D1C95915900C4375B /* AppDelegate.swift */ = {isa = PBXFileReference; lastKnownFileType = sourcecode.swift; path = AppDelegate.swift; sourceTree = "<group>"; };
		574F7C5F1C95915900C4375B /* ViewController.swift */ = {isa = PBXFileReference; lastKnownFileType = sourcecode.swift; path = ViewController.swift; sourceTree = "<group>"; };
		574F7C621C95915900C4375B /* Base */ = {isa = PBXFileReference; lastKnownFileType = file.storyboard; name = Base; path = Base.lproj/Main.storyboard; sourceTree = "<group>"; };
		574F7C641C95915900C4375B /* Assets.xcassets */ = {isa = PBXFileReference; lastKnownFileType = folder.assetcatalog; path = Assets.xcassets; sourceTree = "<group>"; };
		574F7C671C95915900C4375B /* Base */ = {isa = PBXFileReference; lastKnownFileType = file.storyboard; name = Base; path = Base.lproj/LaunchScreen.storyboard; sourceTree = "<group>"; };
		574F7C691C95915900C4375B /* Info.plist */ = {isa = PBXFileReference; lastKnownFileType = text.plist.xml; path = Info.plist; sourceTree = "<group>"; };
		574F7C6F1C9592D400C4375B /* VideoFeed.swift */ = {isa = PBXFileReference; fileEncoding = 4; lastKnownFileType = sourcecode.swift; path = VideoFeed.swift; sourceTree = "<group>"; };
		5F3747EE65519FBBDBB8C668 /* CoreText.framework */ = {isa = PBXFileReference; lastKnownFileType = wrapper.framework; name = CoreText.framework; path = System/Library/Frameworks/CoreText.framework; sourceTree = SDKROOT; };
		875E918A60B63440E3A743BF /* AssetsLibrary.framework */ = {isa = PBXFileReference; lastKnownFileType = wrapper.framework; name = AssetsLibrary.framework; path = System/Library/Frameworks/AssetsLibrary.framework; sourceTree = SDKROOT; };
		95C39C65C9560CAB0863525F /* QuartzCore.framework */ = {isa = PBXFileReference; lastKnownFileType = wrapper.framework; name = QuartzCore.framework; path = System/Library/Frameworks/QuartzCore.framework; sourceTree = SDKROOT; };
		A7CED9C05F44099B75308557 /* CoreTelephony.framework */ = {isa = PBXFileReference; lastKnownFileType = wrapper.framework; name = CoreTelephony.framework; path = System/Library/Frameworks/CoreTelephony.framework; sourceTree = SDKROOT; };
		D9F653FDD319E281B9AD89C0 /* SystemConfiguration.framework */ = {isa = PBXFileReference; lastKnownFileType = wrapper.framework; name = SystemConfiguration.framework; path = System/Library/Frameworks/SystemConfiguration.framework; sourceTree = SDKROOT; };
/* End PBXFileReference section */

/* Begin PBXFrameworksBuildPhase section */
		574F7C571C95915900C4375B /* Frameworks */ = {
			isa = PBXFrameworksBuildPhase;
			buildActionMask = 2147483647;
			files = (
				9E99A705716EC75CA4F0E071 /* BuddyBuildSDK.framework in Frameworks */,
				C6EF0ABDC8A5149FDA9F8F39 /* AssetsLibrary.framework in Frameworks */,
				96FA34E07792ECFDDD913DEC /* CoreText.framework in Frameworks */,
				B22DAC10D5FF776344DC0972 /* CoreTelephony.framework in Frameworks */,
				D3AD2B0F01E522C6DC704184 /* SystemConfiguration.framework in Frameworks */,
				FB8739D5DC184E39838333E7 /* QuartzCore.framework in Frameworks */,
			);
			runOnlyForDeploymentPostprocessing = 0;
		};
/* End PBXFrameworksBuildPhase section */

/* Begin PBXGroup section */
		574F7C511C95915900C4375B = {
			isa = PBXGroup;
			children = (
				574F7C5C1C95915900C4375B /* FaceDetector */,
				574F7C5B1C95915900C4375B /* Products */,
				D543F8EB153C2CDE98DCA63D /* Frameworks */,
				46C265DAA0B96711A5A7A88E /* Bridging-Header.h */,
			);
			sourceTree = "<group>";
		};
		574F7C5B1C95915900C4375B /* Products */ = {
			isa = PBXGroup;
			children = (
				574F7C5A1C95915900C4375B /* FaceDetector.app */,
			);
			name = Products;
			sourceTree = "<group>";
		};
		574F7C5C1C95915900C4375B /* FaceDetector */ = {
			isa = PBXGroup;
			children = (
				574F7C5D1C95915900C4375B /* AppDelegate.swift */,
				574F7C5F1C95915900C4375B /* ViewController.swift */,
				574F7C6F1C9592D400C4375B /* VideoFeed.swift */,
				574F7C611C95915900C4375B /* Main.storyboard */,
				574F7C641C95915900C4375B /* Assets.xcassets */,
				574F7C661C95915900C4375B /* LaunchScreen.storyboard */,
				574F7C691C95915900C4375B /* Info.plist */,
			);
			path = FaceDetector;
			sourceTree = "<group>";
		};
		D543F8EB153C2CDE98DCA63D /* Frameworks */ = {
			isa = PBXGroup;
			children = (
				253EC99E8D1294B6F9CE7F49 /* BuddyBuildSDK.framework */,
				875E918A60B63440E3A743BF /* AssetsLibrary.framework */,
				5F3747EE65519FBBDBB8C668 /* CoreText.framework */,
				A7CED9C05F44099B75308557 /* CoreTelephony.framework */,
				D9F653FDD319E281B9AD89C0 /* SystemConfiguration.framework */,
				95C39C65C9560CAB0863525F /* QuartzCore.framework */,
			);
			name = Frameworks;
			sourceTree = "<group>";
		};
/* End PBXGroup section */

/* Begin PBXNativeTarget section */
		574F7C591C95915900C4375B /* FaceDetector */ = {
			isa = PBXNativeTarget;
			buildConfigurationList = 574F7C6C1C95915900C4375B /* Build configuration list for PBXNativeTarget "FaceDetector" */;
			buildPhases = (
				574F7C561C95915900C4375B /* Sources */,
				574F7C571C95915900C4375B /* Frameworks */,
				574F7C581C95915900C4375B /* Resources */,
			);
			buildRules = (
			);
			dependencies = (
			);
			name = FaceDetector;
			productName = FaceDetector;
			productReference = 574F7C5A1C95915900C4375B /* FaceDetector.app */;
			productType = "com.apple.product-type.application";
		};
/* End PBXNativeTarget section */

/* Begin PBXProject section */
		574F7C521C95915900C4375B /* Project object */ = {
			isa = PBXProject;
			attributes = {
				LastSwiftUpdateCheck = 0720;
				LastUpgradeCheck = 0720;
				ORGANIZATIONNAME = Rodhan;
				TargetAttributes = {
					574F7C591C95915900C4375B = {
						CreatedOnToolsVersion = 7.2.1;
					};
				};
			};
			buildConfigurationList = 574F7C551C95915900C4375B /* Build configuration list for PBXProject "FaceDetector" */;
			compatibilityVersion = "Xcode 3.2";
			developmentRegion = English;
			hasScannedForEncodings = 0;
			knownRegions = (
				en,
				Base,
			);
			mainGroup = 574F7C511C95915900C4375B;
			productRefGroup = 574F7C5B1C95915900C4375B /* Products */;
			projectDirPath = "";
			projectRoot = "";
			targets = (
				574F7C591C95915900C4375B /* FaceDetector */,
			);
		};
/* End PBXProject section */

/* Begin PBXResourcesBuildPhase section */
		574F7C581C95915900C4375B /* Resources */ = {
			isa = PBXResourcesBuildPhase;
			buildActionMask = 2147483647;
			files = (
				574F7C681C95915900C4375B /* LaunchScreen.storyboard in Resources */,
				574F7C651C95915900C4375B /* Assets.xcassets in Resources */,
				574F7C631C95915900C4375B /* Main.storyboard in Resources */,
			);
			runOnlyForDeploymentPostprocessing = 0;
		};
/* End PBXResourcesBuildPhase section */

/* Begin PBXSourcesBuildPhase section */
		574F7C561C95915900C4375B /* Sources */ = {
			isa = PBXSourcesBuildPhase;
			buildActionMask = 2147483647;
			files = (
				574F7C601C95915900C4375B /* ViewController.swift in Sources */,
				574F7C701C9592D400C4375B /* VideoFeed.swift in Sources */,
				574F7C5E1C95915900C4375B /* AppDelegate.swift in Sources */,
			);
			runOnlyForDeploymentPostprocessing = 0;
		};
/* End PBXSourcesBuildPhase section */

/* Begin PBXVariantGroup section */
		574F7C611C95915900C4375B /* Main.storyboard */ = {
			isa = PBXVariantGroup;
			children = (
				574F7C621C95915900C4375B /* Base */,
			);
			name = Main.storyboard;
			sourceTree = "<group>";
		};
		574F7C661C95915900C4375B /* LaunchScreen.storyboard */ = {
			isa = PBXVariantGroup;
			children = (
				574F7C671C95915900C4375B /* Base */,
			);
			name = LaunchScreen.storyboard;
			sourceTree = "<group>";
		};
/* End PBXVariantGroup section */

/* Begin XCBuildConfiguration section */
		574F7C6A1C95915900C4375B /* Debug */ = {
			isa = XCBuildConfiguration;
			buildSettings = {
				ALWAYS_SEARCH_USER_PATHS = NO;
				CLANG_CXX_LANGUAGE_STANDARD = "gnu++0x";
				CLANG_CXX_LIBRARY = "libc++";
				CLANG_ENABLE_MODULES = YES;
				CLANG_ENABLE_OBJC_ARC = YES;
				CLANG_WARN_BOOL_CONVERSION = YES;
				CLANG_WARN_CONSTANT_CONVERSION = YES;
				CLANG_WARN_DIRECT_OBJC_ISA_USAGE = YES_ERROR;
				CLANG_WARN_EMPTY_BODY = YES;
				CLANG_WARN_ENUM_CONVERSION = YES;
				CLANG_WARN_INT_CONVERSION = YES;
				CLANG_WARN_OBJC_ROOT_CLASS = YES_ERROR;
				CLANG_WARN_UNREACHABLE_CODE = YES;
				CLANG_WARN__DUPLICATE_METHOD_MATCH = YES;
				"CODE_SIGN_IDENTITY[sdk=iphoneos*]" = "iPhone Developer";
				COPY_PHASE_STRIP = NO;
				DEBUG_INFORMATION_FORMAT = dwarf;
				ENABLE_STRICT_OBJC_MSGSEND = YES;
				ENABLE_TESTABILITY = YES;
				GCC_C_LANGUAGE_STANDARD = gnu99;
				GCC_DYNAMIC_NO_PIC = NO;
				GCC_NO_COMMON_BLOCKS = YES;
				GCC_OPTIMIZATION_LEVEL = 0;
				GCC_PREPROCESSOR_DEFINITIONS = (
					"DEBUG=1",
					"$(inherited)",
				);
				GCC_WARN_64_TO_32_BIT_CONVERSION = YES;
				GCC_WARN_ABOUT_RETURN_TYPE = YES_ERROR;
				GCC_WARN_UNDECLARED_SELECTOR = YES;
				GCC_WARN_UNINITIALIZED_AUTOS = YES_AGGRESSIVE;
				GCC_WARN_UNUSED_FUNCTION = YES;
				GCC_WARN_UNUSED_VARIABLE = YES;
				IPHONEOS_DEPLOYMENT_TARGET = 9.2;
				MTL_ENABLE_DEBUG_INFO = YES;
				ONLY_ACTIVE_ARCH = YES;
				SDKROOT = iphoneos;
				SWIFT_OPTIMIZATION_LEVEL = "-Onone";
				TARGETED_DEVICE_FAMILY = "1,2";
			};
			name = Debug;
		};
		574F7C6B1C95915900C4375B /* Release */ = {
			isa = XCBuildConfiguration;
			buildSettings = {
				ALWAYS_SEARCH_USER_PATHS = NO;
				CLANG_CXX_LANGUAGE_STANDARD = "gnu++0x";
				CLANG_CXX_LIBRARY = "libc++";
				CLANG_ENABLE_MODULES = YES;
				CLANG_ENABLE_OBJC_ARC = YES;
				CLANG_WARN_BOOL_CONVERSION = YES;
				CLANG_WARN_CONSTANT_CONVERSION = YES;
				CLANG_WARN_DIRECT_OBJC_ISA_USAGE = YES_ERROR;
				CLANG_WARN_EMPTY_BODY = YES;
				CLANG_WARN_ENUM_CONVERSION = YES;
				CLANG_WARN_INT_CONVERSION = YES;
				CLANG_WARN_OBJC_ROOT_CLASS = YES_ERROR;
				CLANG_WARN_UNREACHABLE_CODE = YES;
				CLANG_WARN__DUPLICATE_METHOD_MATCH = YES;
				"CODE_SIGN_IDENTITY[sdk=iphoneos*]" = "iPhone Developer";
				COPY_PHASE_STRIP = NO;
				DEBUG_INFORMATION_FORMAT = "dwarf-with-dsym";
				ENABLE_NS_ASSERTIONS = NO;
				ENABLE_STRICT_OBJC_MSGSEND = YES;
				GCC_C_LANGUAGE_STANDARD = gnu99;
				GCC_NO_COMMON_BLOCKS = YES;
				GCC_WARN_64_TO_32_BIT_CONVERSION = YES;
				GCC_WARN_ABOUT_RETURN_TYPE = YES_ERROR;
				GCC_WARN_UNDECLARED_SELECTOR = YES;
				GCC_WARN_UNINITIALIZED_AUTOS = YES_AGGRESSIVE;
				GCC_WARN_UNUSED_FUNCTION = YES;
				GCC_WARN_UNUSED_VARIABLE = YES;
				IPHONEOS_DEPLOYMENT_TARGET = 9.2;
				MTL_ENABLE_DEBUG_INFO = NO;
				SDKROOT = iphoneos;
				TARGETED_DEVICE_FAMILY = "1,2";
				VALIDATE_PRODUCT = YES;
			};
			name = Release;
		};
		574F7C6D1C95915900C4375B /* Debug */ = {
			isa = XCBuildConfiguration;
			buildSettings = {
				ASSETCATALOG_COMPILER_APPICON_NAME = AppIcon;
				FRAMEWORK_SEARCH_PATHS = (
					"$(inherited)",
					"$(PROJECT_DIR)",
				);
				INFOPLIST_FILE = FaceDetector/Info.plist;
				LD_RUNPATH_SEARCH_PATHS = "$(inherited) @executable_path/Frameworks";
				PRODUCT_BUNDLE_IDENTIFIER = com.bockris.FaceDetector;
				PRODUCT_NAME = "$(TARGET_NAME)";
				SWIFT_OBJC_BRIDGING_HEADER = "Bridging-Header.h";
			};
			name = Debug;
		};
		574F7C6E1C95915900C4375B /* Release */ = {
			isa = XCBuildConfiguration;
			buildSettings = {
				ASSETCATALOG_COMPILER_APPICON_NAME = AppIcon;
				FRAMEWORK_SEARCH_PATHS = (
					"$(inherited)",
					"$(PROJECT_DIR)",
				);
				INFOPLIST_FILE = FaceDetector/Info.plist;
				LD_RUNPATH_SEARCH_PATHS = "$(inherited) @executable_path/Frameworks";
				PRODUCT_BUNDLE_IDENTIFIER = com.bockris.FaceDetector;
				PRODUCT_NAME = "$(TARGET_NAME)";
				SWIFT_OBJC_BRIDGING_HEADER = "Bridging-Header.h";
			};
			name = Release;
		};
/* End XCBuildConfiguration section */

/* Begin XCConfigurationList section */
		574F7C551C95915900C4375B /* Build configuration list for PBXProject "FaceDetector" */ = {
			isa = XCConfigurationList;
			buildConfigurations = (
				574F7C6A1C95915900C4375B /* Debug */,
				574F7C6B1C95915900C4375B /* Release */,
			);
			defaultConfigurationIsVisible = 0;
			defaultConfigurationName = Release;
		};
		574F7C6C1C95915900C4375B /* Build configuration list for PBXNativeTarget "FaceDetector" */ = {
			isa = XCConfigurationList;
			buildConfigurations = (
				574F7C6D1C95915900C4375B /* Debug */,
				574F7C6E1C95915900C4375B /* Release */,
			);
			defaultConfigurationIsVisible = 0;
			defaultConfigurationName = Release;
		};
/* End XCConfigurationList section */
	};
	rootObject = 574F7C521C95915900C4375B /* Project object */;
}
